
Microsoft Visual Studio Solution File, Format Version 12.00
# Visual Studio Version 16
VisualStudioVersion = 16.0.28803.352
MinimumVisualStudioVersion = 10.0.40219.1
Project("{9A19103F-16F7-4668-BE54-9A1E7A4F7556}") = "Chat - API", "Chat\Chat - API.csproj", "{A6CA7E99-FB99-4C78-A33E-4336F1B4E0D3}"
EndProject
Global
	GlobalSection(SolutionConfigurationPlatforms) = preSolution
		Debug|Any CPU = Debug|Any CPU
		Release|Any CPU = Release|Any CPU
	EndGlobalSection
	GlobalSection(ProjectConfigurationPlatforms) = postSolution
		{A6CA7E99-FB99-4C78-A33E-4336F1B4E0D3}.Debug|Any CPU.ActiveCfg = Debug|Any CPU
		{A6CA7E99-FB99-4C78-A33E-4336F1B4E0D3}.Debug|Any CPU.Build.0 = Debug|Any CPU
		{A6CA7E99-FB99-4C78-A33E-4336F1B4E0D3}.Release|Any CPU.ActiveCfg = Release|Any CPU
		{A6CA7E99-FB99-4C78-A33E-4336F1B4E0D3}.Release|Any CPU.Build.0 = Release|Any CPU
	EndGlobalSection
	GlobalSection(SolutionProperties) = preSolution
		HideSolutionNode = FALSE
	EndGlobalSection
	GlobalSection(ExtensibilityGlobals) = postSolution
		SolutionGuid = {0C9ED14E-B509-4ECD-8096-4B30DA8924B7}
	EndGlobalSection
EndGlobal
